github.com/rcrowley/mergician v0.0.0-20241014060337-e6babab1ff1a h1:IyOYcN2/HDHQuH+pI2PUYIKsco/7rV5bl2ZtdCaz4yw=
github.com/rcrowley/mergician v0.0.0-20241014060337-e6babab1ff1a/go.mod h1:baouZYhnSFzs5IUsgrT9kmPBJjvB2prglHrwo++f97E=
github.com/rcrowley/mergician v0.0.0-20250207061004-fe37cb370b0c h1:iFEOpnFdZC8M2qfR7ci/Fiou5hGETl30/KYpHTwpN2w=
github.com/rcrowley/mergician v0.0.0-20250207061004-fe37cb370b0c/go.mod h1:baouZYhnSFzs5IUsgrT9kmPBJjvB2prglHrwo++f97E=
github.com/rcrowley/mergician v0.0.0-20250508040501-ff2f38fdb6b2 h1:otPBoYbsHlesNFNVjyGTEKxTTi26wnSfEGjrSxf4xrY=
github.com/rcrowley/mergician v0.0.0-20250508040501-ff2f38fdb6b2/go.mod h1:5qARWNpdD6Q9X9eJhGrUMaY7h9u6yMQ7hxscFvN9qFc=
github.com/yuin/goldmark v1.7.8 h1:iERMLn0/QJeHFhxSt3p6PeN9mGnvIKSpG9YYorDMnic=
github.com/yuin/goldmark v1.7.8/go.mod h1:uzxRWxtg69N339t3louHJ7+O03ezfj6PlliRlaOzY1E=
github.com/yuin/goldmark v1.7.11 h1:ZCxLyDMtz0nT2HFfsYG8WZ47Trip2+JyLysKcMYE5bo=
github.com/yuin/goldmark v1.7.11/go.mod h1:ip/1k0VRfGynBgxOz0yCqHrbZXhcjxyuS66Brc7iBKg=
golang.org/x/exp v0.0.0-20241009180824-f66d83c29e7c h1:7dEasQXItcW1xKJ2+gg5VOiBnqWrJc+rq0DPKyvvdbY=
golang.org/x/exp v0.0.0-20241009180824-f66d83c29e7c/go.mod h1:NQtJDoLvd6faHhE7m4T/1IY708gDefGGjR/iUW8yQQ8=
golang.org/x/exp v0.0.0-20250207012021-f9890c6ad9f3 h1:qNgPs5exUA+G0C96DrPwNrvLSj7GT/9D+3WMWUcUg34=
golang.org/x/exp v0.0.0-20250207012021-f9890c6ad9f3/go.mod h1:tujkw807nyEEAamNbDrEGzRav+ilXA7PCRAd6xsmwiU=
golang.org/x/exp v0.0.0-20250506013437-ce4c2cf36ca6 h1:y5zboxd6LQAqYIhHnB48p0ByQ/GnQx2BE33L8BOHQkI=
golang.org/x/exp v0.0.0-20250506013437-ce4c2cf36ca6/go.mod h1:U6Lno4MTRCDY+Ba7aCcauB9T60gsv5s4ralQzP72ZoQ=
golang.org/x/net v0.30.0 h1:AcW1SDZMkb8IpzCdQUaIq2sP4sZ4zw+55h6ynffypl4=
golang.org/x/net v0.30.0/go.mod h1:2wGyMJ5iFasEhkwi13ChkO/t1ECNC4X4eBKkVFyYFlU=
golang.org/x/net v0.34.0 h1:Mb7Mrk043xzHgnRM88suvJFwzVrRfHEHJEl5/71CKw0=
golang.org/x/net v0.34.0/go.mod h1:di0qlW3YNM5oh6GqDGQr92MyTozJPmybPK4Ev/Gm31k=
golang.org/x/net v0.40.0 h1:79Xs7wF06Gbdcg4kdCCIQArK11Z1hr5POQ6+fIYHNuY=
golang.org/x/net v0.40.0/go.mod h1:y0hY0exeL2Pku80/zKK7tpntoX23cqL3Oa6njdgRtds=
